// !$*UTF8*$!
{
	archiveVersion = 1;
	classes = {
	};
	objectVersion = 56;
	objects = {

/* Begin PBXBuildFile section */
		36BF2A8F2AE3D36C002EF8CD /* PopularTVApp.swift in Sources */ = {isa = PBXBuildFile; fileRef = 36BF2A8E2AE3D36C002EF8CD /* PopularTVApp.swift */; };
		36BF2A912AE3D36C002EF8CD /* ContentView.swift in Sources */ = {isa = PBXBuildFile; fileRef = 36BF2A902AE3D36C002EF8CD /* ContentView.swift */; };
		36BF2A932AE3D36E002EF8CD /* Assets.xcassets in Resources */ = {isa = PBXBuildFile; fileRef = 36BF2A922AE3D36E002EF8CD /* Assets.xcassets */; };
		36BF2A962AE3D36E002EF8CD /* Preview Assets.xcassets in Resources */ = {isa = PBXBuildFile; fileRef = 36BF2A952AE3D36E002EF8CD /* Preview Assets.xcassets */; };
		36BF2A9D2AE3D6BC002EF8CD /* PopularTVResponse.swift in Sources */ = {isa = PBXBuildFile; fileRef = 36BF2A9C2AE3D6BC002EF8CD /* PopularTVResponse.swift */; };
		36BF2A9F2AE3D72A002EF8CD /* TheMovieDbClient.swift in Sources */ = {isa = PBXBuildFile; fileRef = 36BF2A9E2AE3D72A002EF8CD /* TheMovieDbClient.swift */; };
		36BF2AA12AE3E377002EF8CD /* DetailsView.swift in Sources */ = {isa = PBXBuildFile; fileRef = 36BF2AA02AE3E377002EF8CD /* DetailsView.swift */; };
/* End PBXBuildFile section */

/* Begin PBXFileReference section */
		36BF2A8B2AE3D36C002EF8CD /* PopularTV.app */ = {isa = PBXFileReference; explicitFileType = wrapper.application; includeInIndex = 0; path = PopularTV.app; sourceTree = BUILT_PRODUCTS_DIR; };
		36BF2A8E2AE3D36C002EF8CD /* PopularTVApp.swift */ = {isa = PBXFileReference; lastKnownFileType = sourcecode.swift; path = PopularTVApp.swift; sourceTree = "<group>"; };
		36BF2A902AE3D36C002EF8CD /* ContentView.swift */ = {isa = PBXFileReference; lastKnownFileType = sourcecode.swift; path = ContentView.swift; sourceTree = "<group>"; };
		36BF2A922AE3D36E002EF8CD /* Assets.xcassets */ = {isa = PBXFileReference; lastKnownFileType = folder.assetcatalog; path = Assets.xcassets; sourceTree = "<group>"; };
		36BF2A952AE3D36E002EF8CD /* Preview Assets.xcassets */ = {isa = PBXFileReference; lastKnownFileType = folder.assetcatalog; path = "Preview Assets.xcassets"; sourceTree = "<group>"; };
		36BF2A9C2AE3D6BC002EF8CD /* PopularTVResponse.swift */ = {isa = PBXFileReference; lastKnownFileType = sourcecode.swift; path = PopularTVResponse.swift; sourceTree = "<group>"; };
		36BF2A9E2AE3D72A002EF8CD /* TheMovieDbClient.swift */ = {isa = PBXFileReference; lastKnownFileType = sourcecode.swift; path = TheMovieDbClient.swift; sourceTree = "<group>"; };
		36BF2AA02AE3E377002EF8CD /* DetailsView.swift */ = {isa = PBXFileReference; lastKnownFileType = sourcecode.swift; path = DetailsView.swift; sourceTree = "<group>"; };
/* End PBXFileReference section */

/* Begin PBXFrameworksBuildPhase section */
		36BF2A882AE3D36C002EF8CD /* Frameworks */ = {
			isa = PBXFrameworksBuildPhase;
			buildActionMask = 2147483647;
			files = (
			);
			runOnlyForDeploymentPostprocessing = 0;
		};
/* End PBXFrameworksBuildPhase section */

/* Begin PBXGroup section */
		36BF2A822AE3D36C002EF8CD = {
			isa = PBXGroup;
			children = (
				36BF2A8D2AE3D36C002EF8CD /* PopularTV */,
				36BF2A8C2AE3D36C002EF8CD /* Products */,
			);
			sourceTree = "<group>";
		};
		36BF2A8C2AE3D36C002EF8CD /* Products */ = {
			isa = PBXGroup;
			children = (
				36BF2A8B2AE3D36C002EF8CD /* PopularTV.app */,
			);
			name = Products;
			sourceTree = "<group>";
		};
		36BF2A8D2AE3D36C002EF8CD /* PopularTV */ = {
			isa = PBXGroup;
			children = (
				36BF2A8E2AE3D36C002EF8CD /* PopularTVApp.swift */,
				36BF2A902AE3D36C002EF8CD /* ContentView.swift */,
				36BF2A922AE3D36E002EF8CD /* Assets.xcassets */,
				36BF2A942AE3D36E002EF8CD /* Preview Content */,
				36BF2A9C2AE3D6BC002EF8CD /* PopularTVResponse.swift */,
				36BF2A9E2AE3D72A002EF8CD /* TheMovieDbClient.swift */,
				36BF2AA02AE3E377002EF8CD /* DetailsView.swift */,
			);
			path = PopularTV;
			sourceTree = "<group>";
		};
		36BF2A942AE3D36E002EF8CD /* Preview Content */ = {
			isa = PBXGroup;
			children = (
				36BF2A952AE3D36E002EF8CD /* Preview Assets.xcassets */,
			);
			path = "Preview Content";
			sourceTree = "<group>";
		};
/* End PBXGroup section */

/* Begin PBXNativeTarget section */
		36BF2A8A2AE3D36C002EF8CD /* PopularTV */ = {
			isa = PBXNativeTarget;
			buildConfigurationList = 36BF2A992AE3D36E002EF8CD /* Build configuration list for PBXNativeTarget "PopularTV" */;
			buildPhases = (
				36BF2A872AE3D36C002EF8CD /* Sources */,
				36BF2A882AE3D36C002EF8CD /* Frameworks */,
				36BF2A892AE3D36C002EF8CD /* Resources */,
			);
			buildRules = (
			);
			dependencies = (
			);
			name = PopularTV;
			productName = PopularTV;
			productReference = 36BF2A8B2AE3D36C002EF8CD /* PopularTV.app */;
			productType = "com.apple.product-type.application";
		};
/* End PBXNativeTarget section */

/* Begin PBXProject section */
		36BF2A832AE3D36C002EF8CD /* Project object */ = {
			isa = PBXProject;
			attributes = {
				BuildIndependentTargetsInParallel = 1;
				LastSwiftUpdateCheck = 1500;
				LastUpgradeCheck = 1500;
				TargetAttributes = {
					36BF2A8A2AE3D36C002EF8CD = {
						CreatedOnToolsVersion = 15.0.1;
					};
				};
			};
			buildConfigurationList = 36BF2A862AE3D36C002EF8CD /* Build configuration list for PBXProject "PopularTV" */;
			compatibilityVersion = "Xcode 14.0";
			developmentRegion = en;
			hasScannedForEncodings = 0;
			knownRegions = (
				en,
				Base,
			);
			mainGroup = 36BF2A822AE3D36C002EF8CD;
			productRefGroup = 36BF2A8C2AE3D36C002EF8CD /* Products */;
			projectDirPath = "";
			projectRoot = "";
			targets = (
				36BF2A8A2AE3D36C002EF8CD /* PopularTV */,
			);
		};
/* End PBXProject section */

/* Begin PBXResourcesBuildPhase section */
		36BF2A892AE3D36C002EF8CD /* Resources */ = {
			isa = PBXResourcesBuildPhase;
			buildActionMask = 2147483647;
			files = (
				36BF2A962AE3D36E002EF8CD /* Preview Assets.xcassets in Resources */,
				36BF2A932AE3D36E002EF8CD /* Assets.xcassets in Resources */,
			);
			runOnlyForDeploymentPostprocessing = 0;
		};
/* End PBXResourcesBuildPhase section */

/* Begin PBXSourcesBuildPhase section */
		36BF2A872AE3D36C002EF8CD /* Sources */ = {
			isa = PBXSourcesBuildPhase;
			buildActionMask = 2147483647;
			files = (
				36BF2A912AE3D36C002EF8CD /* ContentView.swift in Sources */,
				36BF2AA12AE3E377002EF8CD /* DetailsView.swift in Sources */,
				36BF2A8F2AE3D36C002EF8CD /* PopularTVApp.swift in Sources */,
				36BF2A9D2AE3D6BC002EF8CD /* PopularTVResponse.swift in Sources */,
				36BF2A9F2AE3D72A002EF8CD /* TheMovieDbClient.swift in Sources */,
			);
			runOnlyForDeploymentPostprocessing = 0;
		};
/* End PBXSourcesBuildPhase section */

/* Begin XCBuildConfiguration section */
		36BF2A972AE3D36E002EF8CD /* Debug */ = {
			isa = XCBuildConfiguration;
			buildSettings = {
				ALWAYS_SEARCH_USER_PATHS = NO;
				ASSETCATALOG_COMPILER_GENERATE_SWIFT_ASSET_SYMBOL_EXTENSIONS = YES;
				CLANG_ANALYZER_NONNULL = YES;
				CLANG_ANALYZER_NUMBER_OBJECT_CONVERSION = YES_AGGRESSIVE;
				CLANG_CXX_LANGUAGE_STANDARD = "gnu++20";
				CLANG_ENABLE_MODULES = YES;
				CLANG_ENABLE_OBJC_ARC = YES;
				CLANG_ENABLE_OBJC_WEAK = YES;
				CLANG_WARN_BLOCK_CAPTURE_AUTORELEASING = YES;
				CLANG_WARN_BOOL_CONVERSION = YES;
				CLANG_WARN_COMMA = YES;
				CLANG_WARN_CONSTANT_CONVERSION = YES;
				CLANG_WARN_DEPRECATED_OBJC_IMPLEMENTATIONS = YES;
				CLANG_WARN_DIRECT_OBJC_ISA_USAGE = YES_ERROR;
				CLANG_WARN_DOCUMENTATION_COMMENTS = YES;
				CLANG_WARN_EMPTY_BODY = YES;
				CLANG_WARN_ENUM_CONVERSION = YES;
				CLANG_WARN_INFINITE_RECURSION = YES;
				CLANG_WARN_INT_CONVERSION = YES;
				CLANG_WARN_NON_LITERAL_NULL_CONVERSION = YES;
				CLANG_WARN_OBJC_IMPLICIT_RETAIN_SELF = YES;
				CLANG_WARN_OBJC_LITERAL_CONVERSION = YES;
				CLANG_WARN_OBJC_ROOT_CLASS = YES_ERROR;
				CLANG_WARN_QUOTED_INCLUDE_IN_FRAMEWORK_HEADER = YES;
				CLANG_WARN_RANGE_LOOP_ANALYSIS = YES;
				CLANG_WARN_STRICT_PROTOTYPES = YES;
				CLANG_WARN_SUSPICIOUS_MOVE = YES;
				CLANG_WARN_UNGUARDED_AVAILABILITY = YES_AGGRESSIVE;
				CLANG_WARN_UNREACHABLE_CODE = YES;
				CLANG_WARN__DUPLICATE_METHOD_MATCH = YES;
				COPY_PHASE_STRIP = NO;
				DEBUG_INFORMATION_FORMAT = dwarf;
				ENABLE_STRICT_OBJC_MSGSEND = YES;
				ENABLE_TESTABILITY = YES;
				ENABLE_USER_SCRIPT_SANDBOXING = YES;
				GCC_C_LANGUAGE_STANDARD = gnu17;
				GCC_DYNAMIC_NO_PIC = NO;
				GCC_NO_COMMON_BLOCKS = YES;
				GCC_OPTIMIZATION_LEVEL = 0;
				GCC_PREPROCESSOR_DEFINITIONS = (
					"DEBUG=1",
					"$(inherited)",
				);
				GCC_WARN_64_TO_32_BIT_CONVERSION = YES;
				GCC_WARN_ABOUT_RETURN_TYPE = YES_ERROR;
				GCC_WARN_UNDECLARED_SELECTOR = YES;
				GCC_WARN_UNINITIALIZED_AUTOS = YES_AGGRESSIVE;
				GCC_WARN_UNUSED_FUNCTION = YES;
				GCC_WARN_UNUSED_VARIABLE = YES;
				IPHONEOS_DEPLOYMENT_TARGET = 17.0;
				LOCALIZATION_PREFERS_STRING_CATALOGS = YES;
				MTL_ENABLE_DEBUG_INFO = INCLUDE_SOURCE;
				MTL_FAST_MATH = YES;
				ONLY_ACTIVE_ARCH = YES;
				SDKROOT = iphoneos;
				SWIFT_ACTIVE_COMPILATION_CONDITIONS = "DEBUG $(inherited)";
				SWIFT_OPTIMIZATION_LEVEL = "-Onone";
			};
			name = Debug;
		};
		36BF2A982AE3D36E002EF8CD /* Release */ = {
			isa = XCBuildConfiguration;
			buildSettings = {
				ALWAYS_SEARCH_USER_PATHS = NO;
				ASSETCATALOG_COMPILER_GENERATE_SWIFT_ASSET_SYMBOL_EXTENSIONS = YES;
				CLANG_ANALYZER_NONNULL = YES;
				CLANG_ANALYZER_NUMBER_OBJECT_CONVERSION = YES_AGGRESSIVE;
				CLANG_CXX_LANGUAGE_STANDARD = "gnu++20";
				CLANG_ENABLE_MODULES = YES;
				CLANG_ENABLE_OBJC_ARC = YES;
				CLANG_ENABLE_OBJC_WEAK = YES;
				CLANG_WARN_BLOCK_CAPTURE_AUTORELEASING = YES;
				CLANG_WARN_BOOL_CONVERSION = YES;
				CLANG_WARN_COMMA = YES;
				CLANG_WARN_CONSTANT_CONVERSION = YES;
				CLANG_WARN_DEPRECATED_OBJC_IMPLEMENTATIONS = YES;
				CLANG_WARN_DIRECT_OBJC_ISA_USAGE = YES_ERROR;
				CLANG_WARN_DOCUMENTATION_COMMENTS = YES;
				CLANG_WARN_EMPTY_BODY = YES;
				CLANG_WARN_ENUM_CONVERSION = YES;
				CLANG_WARN_INFINITE_RECURSION = YES;
				CLANG_WARN_INT_CONVERSION = YES;
				CLANG_WARN_NON_LITERAL_NULL_CONVERSION = YES;
				CLANG_WARN_OBJC_IMPLICIT_RETAIN_SELF = YES;
				CLANG_WARN_OBJC_LITERAL_CONVERSION = YES;
				CLANG_WARN_OBJC_ROOT_CLASS = YES_ERROR;
				CLANG_WARN_QUOTED_INCLUDE_IN_FRAMEWORK_HEADER = YES;
				CLANG_WARN_RANGE_LOOP_ANALYSIS = YES;
				CLANG_WARN_STRICT_PROTOTYPES = YES;
				CLANG_WARN_SUSPICIOUS_MOVE = YES;
				CLANG_WARN_UNGUARDED_AVAILABILITY = YES_AGGRESSIVE;
				CLANG_WARN_UNREACHABLE_CODE = YES;
				CLANG_WARN__DUPLICATE_METHOD_MATCH = YES;
				COPY_PHASE_STRIP = NO;
				DEBUG_INFORMATION_FORMAT = "dwarf-with-dsym";
				ENABLE_NS_ASSERTIONS = NO;
				ENABLE_STRICT_OBJC_MSGSEND = YES;
				ENABLE_USER_SCRIPT_SANDBOXING = YES;
				GCC_C_LANGUAGE_STANDARD = gnu17;
				GCC_NO_COMMON_BLOCKS = YES;
				GCC_WARN_64_TO_32_BIT_CONVERSION = YES;
				GCC_WARN_ABOUT_RETURN_TYPE = YES_ERROR;
				GCC_WARN_UNDECLARED_SELECTOR = YES;
				GCC_WARN_UNINITIALIZED_AUTOS = YES_AGGRESSIVE;
				GCC_WARN_UNUSED_FUNCTION = YES;
				GCC_WARN_UNUSED_VARIABLE = YES;
				IPHONEOS_DEPLOYMENT_TARGET = 17.0;
				LOCALIZATION_PREFERS_STRING_CATALOGS = YES;
				MTL_ENABLE_DEBUG_INFO = NO;
				MTL_FAST_MATH = YES;
				SDKROOT = iphoneos;
				SWIFT_COMPILATION_MODE = wholemodule;
				VALIDATE_PRODUCT = YES;
			};
			name = Release;
		};
		36BF2A9A2AE3D36E002EF8CD /* Debug */ = {
			isa = XCBuildConfiguration;
			buildSettings = {
				ASSETCATALOG_COMPILER_APPICON_NAME = AppIcon;
				ASSETCATALOG_COMPILER_GLOBAL_ACCENT_COLOR_NAME = AccentColor;
				CODE_SIGN_STYLE = Automatic;
				CURRENT_PROJECT_VERSION = 1;
				DEVELOPMENT_ASSET_PATHS = "\"PopularTV/Preview Content\"";
				DEVELOPMENT_TEAM = TJ87886NV3;
				ENABLE_PREVIEWS = YES;
				GENERATE_INFOPLIST_FILE = YES;
				INFOPLIST_KEY_UIApplicationSceneManifest_Generation = YES;
				INFOPLIST_KEY_UIApplicationSupportsIndirectInputEvents = YES;
				INFOPLIST_KEY_UILaunchScreen_Generation = YES;
				INFOPLIST_KEY_UISupportedInterfaceOrientations_iPad = "UIInterfaceOrientationPortrait UIInterfaceOrientationPortraitUpsideDown UIInterfaceOrientationLandscapeLeft UIInterfaceOrientationLandscapeRight";
				INFOPLIST_KEY_UISupportedInterfaceOrientations_iPhone = "UIInterfaceOrientationPortrait UIInterfaceOrientationLandscapeLeft UIInterfaceOrientationLandscapeRight";
				LD_RUNPATH_SEARCH_PATHS = (
					"$(inherited)",
					"@executable_path/Frameworks",
				);
				MARKETING_VERSION = 1.0;
				PRODUCT_BUNDLE_IDENTIFIER = nje.PopularTV;
				PRODUCT_NAME = "$(TARGET_NAME)";
				SWIFT_EMIT_LOC_STRINGS = YES;
				SWIFT_VERSION = 5.0;
				TARGETED_DEVICE_FAMILY = "1,2";
			};
			name = Debug;
		};
		36BF2A9B2AE3D36E002EF8CD /* Release */ = {
			isa = XCBuildConfiguration;
			buildSettings = {
				ASSETCATALOG_COMPILER_APPICON_NAME = AppIcon;
				ASSETCATALOG_COMPILER_GLOBAL_ACCENT_COLOR_NAME = AccentColor;
				CODE_SIGN_STYLE = Automatic;
				CURRENT_PROJECT_VERSION = 1;
				DEVELOPMENT_ASSET_PATHS = "\"PopularTV/Preview Content\"";
				DEVELOPMENT_TEAM = TJ87886NV3;
				ENABLE_PREVIEWS = YES;
				GENERATE_INFOPLIST_FILE = YES;
				INFOPLIST_KEY_UIApplicationSceneManifest_Generation = YES;
				INFOPLIST_KEY_UIApplicationSupportsIndirectInputEvents = YES;
				INFOPLIST_KEY_UILaunchScreen_Generation = YES;
				INFOPLIST_KEY_UISupportedInterfaceOrientations_iPad = "UIInterfaceOrientationPortrait UIInterfaceOrientationPortraitUpsideDown UIInterfaceOrientationLandscapeLeft UIInterfaceOrientationLandscapeRight";
				INFOPLIST_KEY_UISupportedInterfaceOrientations_iPhone = "UIInterfaceOrientationPortrait UIInterfaceOrientationLandscapeLeft UIInterfaceOrientationLandscapeRight";
				LD_RUNPATH_SEARCH_PATHS = (
					"$(inherited)",
					"@executable_path/Frameworks",
				);
				MARKETING_VERSION = 1.0;
				PRODUCT_BUNDLE_IDENTIFIER = nje.PopularTV;
				PRODUCT_NAME = "$(TARGET_NAME)";
				SWIFT_EMIT_LOC_STRINGS = YES;
				SWIFT_VERSION = 5.0;
				TARGETED_DEVICE_FAMILY = "1,2";
			};
			name = Release;
		};
/* End XCBuildConfiguration section */

/* Begin XCConfigurationList section */
		36BF2A862AE3D36C002EF8CD /* Build configuration list for PBXProject "PopularTV" */ = {
			isa = XCConfigurationList;
			buildConfigurations = (
				36BF2A972AE3D36E002EF8CD /* Debug */,
				36BF2A982AE3D36E002EF8CD /* Release */,
			);
			defaultConfigurationIsVisible = 0;
			defaultConfigurationName = Release;
		};
		36BF2A992AE3D36E002EF8CD /* Build configuration list for PBXNativeTarget "PopularTV" */ = {
			isa = XCConfigurationList;
			buildConfigurations = (
				36BF2A9A2AE3D36E002EF8CD /* Debug */,
				36BF2A9B2AE3D36E002EF8CD /* Release */,
			);
			defaultConfigurationIsVisible = 0;
			defaultConfigurationName = Release;
		};
/* End XCConfigurationList section */
	};
	rootObject = 36BF2A832AE3D36C002EF8CD /* Project object */;
}
